
Microsoft Visual Studio Solution File, Format Version 12.00
# Visual Studio Version 17
VisualStudioVersion = 17.2.32526.322
MinimumVisualStudioVersion = 10.0.40219.1
Project("{FAE04EC0-301F-11D3-BF4B-00C04F79EFBC}") = "ReceiptParser", "ReceiptParser\ReceiptParser.csproj", "{196D2560-A88B-413D-A351-338C80F00A16}"
EndProject
Global
	GlobalSection(SolutionConfigurationPlatforms) = preSolution
		Debug|Any CPU = Debug|Any CPU
		Release|Any CPU = Release|Any CPU
	EndGlobalSection
	GlobalSection(ProjectConfigurationPlatforms) = postSolution
		{196D2560-A88B-413D-A351-338C80F00A16}.Debug|Any CPU.ActiveCfg = Debug|Any CPU
		{196D2560-A88B-413D-A351-338C80F00A16}.Debug|Any CPU.Build.0 = Debug|Any CPU
		{196D2560-A88B-413D-A351-338C80F00A16}.Release|Any CPU.ActiveCfg = Release|Any CPU
		{196D2560-A88B-413D-A351-338C80F00A16}.Release|Any CPU.Build.0 = Release|Any CPU
	EndGlobalSection
	GlobalSection(SolutionProperties) = preSolution
		HideSolutionNode = FALSE
	EndGlobalSection
	GlobalSection(ExtensibilityGlobals) = postSolution
		SolutionGuid = {4EE72144-003B-4DA4-92FC-279BFD7355D3}
	EndGlobalSection
EndGlobal
